<?xml version="1.0" encoding="UTF-8"?>
<!DOCTYPE plist PUBLIC "-//Apple//DTD PLIST 1.0//EN" "http://www.apple.com/DTDs/PropertyList-1.0.dtd">
<plist version="1.0">
<dict>
	<key>archiveVersion</key>
	<string>1</string>
	<key>classes</key>
	<dict/>
	<key>objectVersion</key>
	<string>46</string>
	<key>objects</key>
	<dict>
		<key>0738A26375D9E98DBE30CA57</key>
		<dict>
			<key>includeInIndex</key>
			<string>1</string>
			<key>isa</key>
			<string>PBXFileReference</string>
			<key>lastKnownFileType</key>
			<string>text.xcconfig</string>
			<key>name</key>
			<string>Pods.debug.xcconfig</string>
			<key>path</key>
			<string>Pods/Target Support Files/Pods/Pods.debug.xcconfig</string>
			<key>sourceTree</key>
			<string>&lt;group&gt;</string>
		</dict>
		<key>1CDB164A2C60488396E11100</key>
		<dict>
			<key>fileRef</key>
			<string>ADF2AE4C62924C3CA1A7D7C3</string>
			<key>isa</key>
			<string>PBXBuildFile</string>
		</dict>
		<key>1D34E64D4E5060C399D63C06</key>
		<dict>
			<key>includeInIndex</key>
			<string>1</string>
			<key>isa</key>
			<string>PBXFileReference</string>
			<key>lastKnownFileType</key>
			<string>text.xcconfig</string>
			<key>name</key>
			<string>Pods.release.xcconfig</string>
			<key>path</key>
			<string>Pods/Target Support Files/Pods/Pods.release.xcconfig</string>
			<key>sourceTree</key>
			<string>&lt;group&gt;</string>
		</dict>
		<key>40E941894CBA700A2C21BB92</key>
		<dict>
			<key>children</key>
			<array>
				<string>0738A26375D9E98DBE30CA57</string>
				<string>1D34E64D4E5060C399D63C06</string>
			</array>
			<key>isa</key>
			<string>PBXGroup</string>
			<key>name</key>
			<string>Pods</string>
			<key>sourceTree</key>
			<string>&lt;group&gt;</string>
		</dict>
		<key>87BB7003EF8741A9A52FC53F</key>
		<dict>
			<key>buildActionMask</key>
			<string>2147483647</string>
			<key>files</key>
			<array/>
			<key>inputPaths</key>
			<array/>
			<key>isa</key>
			<string>PBXShellScriptBuildPhase</string>
			<key>name</key>
			<string>Copy Pods Resources</string>
			<key>outputPaths</key>
			<array/>
			<key>runOnlyForDeploymentPostprocessing</key>
			<string>0</string>
			<key>shellPath</key>
			<string>/bin/sh</string>
			<key>shellScript</key>
			<string>"${SRCROOT}/Pods/Target Support Files/Pods/Pods-resources.sh"
</string>
			<key>showEnvVarsInLog</key>
			<string>0</string>
		</dict>
		<key>8EA34A6772DE4F90BE5CBC8C</key>
		<dict>
			<key>buildActionMask</key>
			<string>2147483647</string>
			<key>files</key>
			<array/>
			<key>inputPaths</key>
			<array/>
			<key>isa</key>
			<string>PBXShellScriptBuildPhase</string>
			<key>name</key>
			<string>Check Pods Manifest.lock</string>
			<key>outputPaths</key>
			<array/>
			<key>runOnlyForDeploymentPostprocessing</key>
			<string>0</string>
			<key>shellPath</key>
			<string>/bin/sh</string>
			<key>shellScript</key>
			<string>diff "${PODS_ROOT}/../Podfile.lock" "${PODS_ROOT}/Manifest.lock" &gt; /dev/null
if [[ $? != 0 ]] ; then
    cat &lt;&lt; EOM
error: The sandbox is not in sync with the Podfile.lock. Run 'pod install' or update your CocoaPods installation.
EOM
    exit 1
fi
</string>
			<key>showEnvVarsInLog</key>
			<string>0</string>
		</dict>
		<key>ADF2AE4C62924C3CA1A7D7C3</key>
		<dict>
			<key>explicitFileType</key>
			<string>archive.ar</string>
			<key>includeInIndex</key>
			<string>0</string>
			<key>isa</key>
			<string>PBXFileReference</string>
			<key>path</key>
			<string>libPods.a</string>
			<key>sourceTree</key>
			<string>BUILT_PRODUCTS_DIR</string>
		</dict>
		<key>B81DA2A018F8C61800C49C21</key>
		<dict>
			<key>children</key>
			<array>
				<string>B87C06F919257712006F3596</string>
				<string>B81DA2B218F8C61800C49C21</string>
				<string>B81DA2D418F8C61800C49C21</string>
				<string>B81DA2AB18F8C61800C49C21</string>
				<string>B81DA2AA18F8C61800C49C21</string>
				<string>40E941894CBA700A2C21BB92</string>
			</array>
			<key>isa</key>
			<string>PBXGroup</string>
			<key>sourceTree</key>
			<string>&lt;group&gt;</string>
		</dict>
		<key>B81DA2A118F8C61800C49C21</key>
		<dict>
			<key>attributes</key>
			<dict>
				<key>LastUpgradeCheck</key>
				<string>0510</string>
				<key>ORGANIZATIONNAME</key>
				<string>Justin Loew</string>
				<key>TargetAttributes</key>
				<dict>
					<key>B81DA2A818F8C61800C49C21</key>
					<dict>
						<key>DevelopmentTeam</key>
						<string>VM5XXWMN9Y</string>
					</dict>
					<key>B81DA2CC18F8C61800C49C21</key>
					<dict>
						<key>TestTargetID</key>
						<string>B81DA2A818F8C61800C49C21</string>
					</dict>
				</dict>
			</dict>
			<key>buildConfigurationList</key>
			<string>B81DA2A418F8C61800C49C21</string>
			<key>compatibilityVersion</key>
			<string>Xcode 3.2</string>
			<key>developmentRegion</key>
			<string>English</string>
			<key>hasScannedForEncodings</key>
			<string>0</string>
			<key>isa</key>
			<string>PBXProject</string>
			<key>knownRegions</key>
			<array>
				<string>en</string>
				<string>Base</string>
			</array>
			<key>mainGroup</key>
			<string>B81DA2A018F8C61800C49C21</string>
			<key>productRefGroup</key>
			<string>B81DA2AA18F8C61800C49C21</string>
			<key>projectDirPath</key>
			<string></string>
			<key>projectReferences</key>
			<array>
				<dict>
					<key>ProductGroup</key>
					<string>B87C071F19257712006F3596</string>
					<key>ProjectRef</key>
					<string>B87C071E19257712006F3596</string>
				</dict>
			</array>
			<key>projectRoot</key>
			<string></string>
			<key>targets</key>
			<array>
				<string>B81DA2A818F8C61800C49C21</string>
				<string>B81DA2CC18F8C61800C49C21</string>
			</array>
		</dict>
		<key>B81DA2A418F8C61800C49C21</key>
		<dict>
			<key>buildConfigurations</key>
			<array>
				<string>B81DA2DC18F8C61800C49C21</string>
				<string>B81DA2DD18F8C61800C49C21</string>
			</array>
			<key>defaultConfigurationIsVisible</key>
			<string>0</string>
			<key>defaultConfigurationName</key>
			<string>Release</string>
			<key>isa</key>
			<string>XCConfigurationList</string>
		</dict>
		<key>B81DA2A518F8C61800C49C21</key>
		<dict>
			<key>buildActionMask</key>
			<string>2147483647</string>
			<key>files</key>
			<array>
				<string>B81DA2BD18F8C61800C49C21</string>
				<string>B86E1B2C18F8C84800FAD644</string>
				<string>B81DA2B918F8C61800C49C21</string>
				<string>B81DA2C618F8C61800C49C21</string>
			</array>
			<key>isa</key>
			<string>PBXSourcesBuildPhase</string>
			<key>runOnlyForDeploymentPostprocessing</key>
			<string>0</string>
		</dict>
		<key>B81DA2A618F8C61800C49C21</key>
		<dict>
			<key>buildActionMask</key>
			<string>2147483647</string>
			<key>files</key>
			<array>
				<string>B81DA2F318F8C6FD00C49C21</string>
				<string>B81DA2EF18F8C6F300C49C21</string>
				<string>B81DA2F018F8C6F300C49C21</string>
				<string>B81DA2F118F8C6F300C49C21</string>
				<string>B81DA2EB18F8C6DA00C49C21</string>
				<string>B81DA2E918F8C6CF00C49C21</string>
				<string>B81DA2AF18F8C61800C49C21</string>
				<string>B81DA2E718F8C6B200C49C21</string>
				<string>B81DA2E518F8C69400C49C21</string>
				<string>B81DA2B118F8C61800C49C21</string>
				<string>B81DA2AD18F8C61800C49C21</string>
				<string>1CDB164A2C60488396E11100</string>
			</array>
			<key>isa</key>
			<string>PBXFrameworksBuildPhase</string>
			<key>runOnlyForDeploymentPostprocessing</key>
			<string>0</string>
		</dict>
		<key>B81DA2A718F8C61800C49C21</key>
		<dict>
			<key>buildActionMask</key>
			<string>2147483647</string>
			<key>files</key>
			<array>
				<string>B86E1B2F18F90BAA00FAD644</string>
				<string>B81DA2C318F8C61800C49C21</string>
				<string>B81DA2C818F8C61800C49C21</string>
				<string>B81DA2C018F8C61800C49C21</string>
				<string>B81DA2B718F8C61800C49C21</string>
			</array>
			<key>isa</key>
			<string>PBXResourcesBuildPhase</string>
			<key>runOnlyForDeploymentPostprocessing</key>
			<string>0</string>
		</dict>
		<key>B81DA2A818F8C61800C49C21</key>
		<dict>
			<key>buildConfigurationList</key>
			<string>B81DA2DE18F8C61800C49C21</string>
			<key>buildPhases</key>
			<array>
				<string>8EA34A6772DE4F90BE5CBC8C</string>
				<string>B81DA2A518F8C61800C49C21</string>
				<string>B81DA2A618F8C61800C49C21</string>
				<string>B81DA2A718F8C61800C49C21</string>
				<string>B89600E618F9852900E0CAE4</string>
				<string>87BB7003EF8741A9A52FC53F</string>
			</array>
			<key>buildRules</key>
			<array/>
			<key>dependencies</key>
			<array>
				<string>B8474BA519E227DC00778E18</string>
			</array>
			<key>isa</key>
			<string>PBXNativeTarget</string>
			<key>name</key>
			<string>Stela</string>
			<key>productName</key>
			<string>Stela</string>
			<key>productReference</key>
			<string>B81DA2A918F8C61800C49C21</string>
			<key>productType</key>
			<string>com.apple.product-type.application</string>
		</dict>
		<key>B81DA2A918F8C61800C49C21</key>
		<dict>
			<key>explicitFileType</key>
			<string>wrapper.application</string>
			<key>includeInIndex</key>
			<string>0</string>
			<key>isa</key>
			<string>PBXFileReference</string>
			<key>path</key>
			<string>Stela.app</string>
			<key>sourceTree</key>
			<string>BUILT_PRODUCTS_DIR</string>
		</dict>
		<key>B81DA2AA18F8C61800C49C21</key>
		<dict>
			<key>children</key>
			<array>
				<string>B81DA2A918F8C61800C49C21</string>
				<string>B81DA2CD18F8C61800C49C21</string>
			</array>
			<key>isa</key>
			<string>PBXGroup</string>
			<key>name</key>
			<string>Products</string>
			<key>sourceTree</key>
			<string>&lt;group&gt;</string>
		</dict>
		<key>B81DA2AB18F8C61800C49C21</key>
		<dict>
			<key>children</key>
			<array>
				<string>B81DA2F218F8C6FD00C49C21</string>
				<string>B81DA2EC18F8C6F300C49C21</string>
				<string>B81DA2ED18F8C6F300C49C21</string>
				<string>B81DA2EE18F8C6F300C49C21</string>
				<string>B81DA2EA18F8C6DA00C49C21</string>
				<string>B81DA2E818F8C6CF00C49C21</string>
				<string>B81DA2E618F8C6B200C49C21</string>
				<string>B81DA2E418F8C69400C49C21</string>
				<string>B81DA2AC18F8C61800C49C21</string>
				<string>B81DA2AE18F8C61800C49C21</string>
				<string>B81DA2B018F8C61800C49C21</string>
				<string>B81DA2CE18F8C61800C49C21</string>
				<string>ADF2AE4C62924C3CA1A7D7C3</string>
			</array>
			<key>isa</key>
			<string>PBXGroup</string>
			<key>name</key>
			<string>Frameworks</string>
			<key>sourceTree</key>
			<string>&lt;group&gt;</string>
		</dict>
		<key>B81DA2AC18F8C61800C49C21</key>
		<dict>
			<key>isa</key>
			<string>PBXFileReference</string>
			<key>lastKnownFileType</key>
			<string>wrapper.framework</string>
			<key>name</key>
			<string>Foundation.framework</string>
			<key>path</key>
			<string>System/Library/Frameworks/Foundation.framework</string>
			<key>sourceTree</key>
			<string>SDKROOT</string>
		</dict>
		<key>B81DA2AD18F8C61800C49C21</key>
		<dict>
			<key>fileRef</key>
			<string>B81DA2AC18F8C61800C49C21</string>
			<key>isa</key>
			<string>PBXBuildFile</string>
		</dict>
		<key>B81DA2AE18F8C61800C49C21</key>
		<dict>
			<key>isa</key>
			<string>PBXFileReference</string>
			<key>lastKnownFileType</key>
			<string>wrapper.framework</string>
			<key>name</key>
			<string>CoreGraphics.framework</string>
			<key>path</key>
			<string>System/Library/Frameworks/CoreGraphics.framework</string>
			<key>sourceTree</key>
			<string>SDKROOT</string>
		</dict>
		<key>B81DA2AF18F8C61800C49C21</key>
		<dict>
			<key>fileRef</key>
			<string>B81DA2AE18F8C61800C49C21</string>
			<key>isa</key>
			<string>PBXBuildFile</string>
		</dict>
		<key>B81DA2B018F8C61800C49C21</key>
		<dict>
			<key>isa</key>
			<string>PBXFileReference</string>
			<key>lastKnownFileType</key>
			<string>wrapper.framework</string>
			<key>name</key>
			<string>UIKit.framework</string>
			<key>path</key>
			<string>System/Library/Frameworks/UIKit.framework</string>
			<key>sourceTree</key>
			<string>SDKROOT</string>
		</dict>
		<key>B81DA2B118F8C61800C49C21</key>
		<dict>
			<key>fileRef</key>
			<string>B81DA2B018F8C61800C49C21</string>
			<key>isa</key>
			<string>PBXBuildFile</string>
		</dict>
		<key>B81DA2B218F8C61800C49C21</key>
		<dict>
			<key>children</key>
			<array>
				<string>B81DA2BB18F8C61800C49C21</string>
				<string>B81DA2BC18F8C61800C49C21</string>
				<string>B86E1B2A18F8C84800FAD644</string>
				<string>B86E1B2B18F8C84800FAD644</string>
				<string>B81DA2BE18F8C61800C49C21</string>
				<string>B81DA2C118F8C61800C49C21</string>
				<string>B81DA2C418F8C61800C49C21</string>
				<string>B81DA2C518F8C61800C49C21</string>
				<string>B81DA2C718F8C61800C49C21</string>
				<string>B81DA2B318F8C61800C49C21</string>
			</array>
			<key>isa</key>
			<string>PBXGroup</string>
			<key>path</key>
			<string>Stela</string>
			<key>sourceTree</key>
			<string>&lt;group&gt;</string>
		</dict>
		<key>B81DA2B318F8C61800C49C21</key>
		<dict>
			<key>children</key>
			<array>
				<string>B8B65B64190A5963002ADC6E</string>
				<string>B8B65B83190A59CC002ADC6E</string>
				<string>B86E1B2D18F9007500FAD644</string>
				<string>B81DA2B418F8C61800C49C21</string>
				<string>B81DA2B518F8C61800C49C21</string>
				<string>B81DA2B818F8C61800C49C21</string>
				<string>B81DA2BA18F8C61800C49C21</string>
			</array>
			<key>isa</key>
			<string>PBXGroup</string>
			<key>name</key>
			<string>Supporting Files</string>
			<key>sourceTree</key>
			<string>&lt;group&gt;</string>
		</dict>
		<key>B81DA2B418F8C61800C49C21</key>
		<dict>
			<key>isa</key>
			<string>PBXFileReference</string>
			<key>lastKnownFileType</key>
			<string>text.plist.xml</string>
			<key>path</key>
			<string>Stela-Info.plist</string>
			<key>sourceTree</key>
			<string>&lt;group&gt;</string>
		</dict>
		<key>B81DA2B518F8C61800C49C21</key>
		<dict>
			<key>children</key>
			<array>
				<string>B81DA2B618F8C61800C49C21</string>
			</array>
			<key>isa</key>
			<string>PBXVariantGroup</string>
			<key>name</key>
			<string>InfoPlist.strings</string>
			<key>sourceTree</key>
			<string>&lt;group&gt;</string>
		</dict>
		<key>B81DA2B618F8C61800C49C21</key>
		<dict>
			<key>isa</key>
			<string>PBXFileReference</string>
			<key>lastKnownFileType</key>
			<string>text.plist.strings</string>
			<key>name</key>
			<string>en</string>
			<key>path</key>
			<string>en.lproj/InfoPlist.strings</string>
			<key>sourceTree</key>
			<string>&lt;group&gt;</string>
		</dict>
		<key>B81DA2B718F8C61800C49C21</key>
		<dict>
			<key>fileRef</key>
			<string>B81DA2B518F8C61800C49C21</string>
			<key>isa</key>
			<string>PBXBuildFile</string>
		</dict>
		<key>B81DA2B818F8C61800C49C21</key>
		<dict>
			<key>isa</key>
			<string>PBXFileReference</string>
			<key>lastKnownFileType</key>
			<string>sourcecode.c.objc</string>
			<key>path</key>
			<string>main.m</string>
			<key>sourceTree</key>
			<string>&lt;group&gt;</string>
		</dict>
		<key>B81DA2B918F8C61800C49C21</key>
		<dict>
			<key>fileRef</key>
			<string>B81DA2B818F8C61800C49C21</string>
			<key>isa</key>
			<string>PBXBuildFile</string>
		</dict>
		<key>B81DA2BA18F8C61800C49C21</key>
		<dict>
			<key>isa</key>
			<string>PBXFileReference</string>
			<key>lastKnownFileType</key>
			<string>sourcecode.c.h</string>
			<key>path</key>
			<string>Stela-Prefix.pch</string>
			<key>sourceTree</key>
			<string>&lt;group&gt;</string>
		</dict>
		<key>B81DA2BB18F8C61800C49C21</key>
		<dict>
			<key>isa</key>
			<string>PBXFileReference</string>
			<key>lastKnownFileType</key>
			<string>sourcecode.c.h</string>
			<key>path</key>
			<string>AppDelegate.h</string>
			<key>sourceTree</key>
			<string>&lt;group&gt;</string>
		</dict>
		<key>B81DA2BC18F8C61800C49C21</key>
		<dict>
			<key>isa</key>
			<string>PBXFileReference</string>
			<key>lastKnownFileType</key>
			<string>sourcecode.c.objc</string>
			<key>path</key>
			<string>AppDelegate.m</string>
			<key>sourceTree</key>
			<string>&lt;group&gt;</string>
		</dict>
		<key>B81DA2BD18F8C61800C49C21</key>
		<dict>
			<key>fileRef</key>
			<string>B81DA2BC18F8C61800C49C21</string>
			<key>isa</key>
			<string>PBXBuildFile</string>
		</dict>
		<key>B81DA2BE18F8C61800C49C21</key>
		<dict>
			<key>children</key>
			<array>
				<string>B81DA2BF18F8C61800C49C21</string>
			</array>
			<key>isa</key>
			<string>PBXVariantGroup</string>
			<key>name</key>
			<string>Main_iPhone.storyboard</string>
			<key>sourceTree</key>
			<string>&lt;group&gt;</string>
		</dict>
		<key>B81DA2BF18F8C61800C49C21</key>
		<dict>
			<key>isa</key>
			<string>PBXFileReference</string>
			<key>lastKnownFileType</key>
			<string>file.storyboard</string>
			<key>name</key>
			<string>Base</string>
			<key>path</key>
			<string>Base.lproj/Main_iPhone.storyboard</string>
			<key>sourceTree</key>
			<string>&lt;group&gt;</string>
		</dict>
		<key>B81DA2C018F8C61800C49C21</key>
		<dict>
			<key>fileRef</key>
			<string>B81DA2BE18F8C61800C49C21</string>
			<key>isa</key>
			<string>PBXBuildFile</string>
		</dict>
		<key>B81DA2C118F8C61800C49C21</key>
		<dict>
			<key>children</key>
			<array>
				<string>B81DA2C218F8C61800C49C21</string>
			</array>
			<key>isa</key>
			<string>PBXVariantGroup</string>
			<key>name</key>
			<string>Main_iPad.storyboard</string>
			<key>sourceTree</key>
			<string>&lt;group&gt;</string>
		</dict>
		<key>B81DA2C218F8C61800C49C21</key>
		<dict>
			<key>isa</key>
			<string>PBXFileReference</string>
			<key>lastKnownFileType</key>
			<string>file.storyboard</string>
			<key>name</key>
			<string>Base</string>
			<key>path</key>
			<string>Base.lproj/Main_iPad.storyboard</string>
			<key>sourceTree</key>
			<string>&lt;group&gt;</string>
		</dict>
		<key>B81DA2C318F8C61800C49C21</key>
		<dict>
			<key>fileRef</key>
			<string>B81DA2C118F8C61800C49C21</string>
			<key>isa</key>
			<string>PBXBuildFile</string>
		</dict>
		<key>B81DA2C418F8C61800C49C21</key>
		<dict>
			<key>isa</key>
			<string>PBXFileReference</string>
			<key>lastKnownFileType</key>
			<string>sourcecode.c.h</string>
			<key>path</key>
			<string>ViewController.h</string>
			<key>sourceTree</key>
			<string>&lt;group&gt;</string>
		</dict>
		<key>B81DA2C518F8C61800C49C21</key>
		<dict>
			<key>isa</key>
			<string>PBXFileReference</string>
			<key>lastKnownFileType</key>
			<string>sourcecode.c.objc</string>
			<key>path</key>
			<string>ViewController.m</string>
			<key>sourceTree</key>
			<string>&lt;group&gt;</string>
		</dict>
		<key>B81DA2C618F8C61800C49C21</key>
		<dict>
			<key>fileRef</key>
			<string>B81DA2C518F8C61800C49C21</string>
			<key>isa</key>
			<string>PBXBuildFile</string>
		</dict>
		<key>B81DA2C718F8C61800C49C21</key>
		<dict>
			<key>isa</key>
			<string>PBXFileReference</string>
			<key>lastKnownFileType</key>
			<string>folder.assetcatalog</string>
			<key>path</key>
			<string>Images.xcassets</string>
			<key>sourceTree</key>
			<string>&lt;group&gt;</string>
		</dict>
		<key>B81DA2C818F8C61800C49C21</key>
		<dict>
			<key>fileRef</key>
			<string>B81DA2C718F8C61800C49C21</string>
			<key>isa</key>
			<string>PBXBuildFile</string>
		</dict>
		<key>B81DA2C918F8C61800C49C21</key>
		<dict>
			<key>buildActionMask</key>
			<string>2147483647</string>
			<key>files</key>
			<array>
				<string>B81DA2DB18F8C61800C49C21</string>
			</array>
			<key>isa</key>
			<string>PBXSourcesBuildPhase</string>
			<key>runOnlyForDeploymentPostprocessing</key>
			<string>0</string>
		</dict>
		<key>B81DA2CA18F8C61800C49C21</key>
		<dict>
			<key>buildActionMask</key>
			<string>2147483647</string>
			<key>files</key>
			<array>
				<string>B81DA2CF18F8C61800C49C21</string>
				<string>B81DA2D118F8C61800C49C21</string>
				<string>B81DA2D018F8C61800C49C21</string>
			</array>
			<key>isa</key>
			<string>PBXFrameworksBuildPhase</string>
			<key>runOnlyForDeploymentPostprocessing</key>
			<string>0</string>
		</dict>
		<key>B81DA2CB18F8C61800C49C21</key>
		<dict>
			<key>buildActionMask</key>
			<string>2147483647</string>
			<key>files</key>
			<array>
				<string>B81DA2D918F8C61800C49C21</string>
			</array>
			<key>isa</key>
			<string>PBXResourcesBuildPhase</string>
			<key>runOnlyForDeploymentPostprocessing</key>
			<string>0</string>
		</dict>
		<key>B81DA2CC18F8C61800C49C21</key>
		<dict>
			<key>buildConfigurationList</key>
			<string>B81DA2E118F8C61800C49C21</string>
			<key>buildPhases</key>
			<array>
				<string>B81DA2C918F8C61800C49C21</string>
				<string>B81DA2CA18F8C61800C49C21</string>
				<string>B81DA2CB18F8C61800C49C21</string>
			</array>
			<key>buildRules</key>
			<array/>
			<key>dependencies</key>
			<array>
				<string>B81DA2D318F8C61800C49C21</string>
			</array>
			<key>isa</key>
			<string>PBXNativeTarget</string>
			<key>name</key>
			<string>StelaTests</string>
			<key>productName</key>
			<string>StelaTests</string>
			<key>productReference</key>
			<string>B81DA2CD18F8C61800C49C21</string>
			<key>productType</key>
			<string>com.apple.product-type.bundle.unit-test</string>
		</dict>
		<key>B81DA2CD18F8C61800C49C21</key>
		<dict>
			<key>explicitFileType</key>
			<string>wrapper.cfbundle</string>
			<key>includeInIndex</key>
			<string>0</string>
			<key>isa</key>
			<string>PBXFileReference</string>
			<key>path</key>
			<string>StelaTests.xctest</string>
			<key>sourceTree</key>
			<string>BUILT_PRODUCTS_DIR</string>
		</dict>
		<key>B81DA2CE18F8C61800C49C21</key>
		<dict>
			<key>isa</key>
			<string>PBXFileReference</string>
			<key>lastKnownFileType</key>
			<string>wrapper.framework</string>
			<key>name</key>
			<string>XCTest.framework</string>
			<key>path</key>
			<string>Library/Frameworks/XCTest.framework</string>
			<key>sourceTree</key>
			<string>DEVELOPER_DIR</string>
		</dict>
		<key>B81DA2CF18F8C61800C49C21</key>
		<dict>
			<key>fileRef</key>
			<string>B81DA2CE18F8C61800C49C21</string>
			<key>isa</key>
			<string>PBXBuildFile</string>
		</dict>
		<key>B81DA2D018F8C61800C49C21</key>
		<dict>
			<key>fileRef</key>
			<string>B81DA2AC18F8C61800C49C21</string>
			<key>isa</key>
			<string>PBXBuildFile</string>
		</dict>
		<key>B81DA2D118F8C61800C49C21</key>
		<dict>
			<key>fileRef</key>
			<string>B81DA2B018F8C61800C49C21</string>
			<key>isa</key>
			<string>PBXBuildFile</string>
		</dict>
		<key>B81DA2D218F8C61800C49C21</key>
		<dict>
			<key>containerPortal</key>
			<string>B81DA2A118F8C61800C49C21</string>
			<key>isa</key>
			<string>PBXContainerItemProxy</string>
			<key>proxyType</key>
			<string>1</string>
			<key>remoteGlobalIDString</key>
			<string>B81DA2A818F8C61800C49C21</string>
			<key>remoteInfo</key>
			<string>Stela</string>
		</dict>
		<key>B81DA2D318F8C61800C49C21</key>
		<dict>
			<key>isa</key>
			<string>PBXTargetDependency</string>
			<key>target</key>
			<string>B81DA2A818F8C61800C49C21</string>
			<key>targetProxy</key>
			<string>B81DA2D218F8C61800C49C21</string>
		</dict>
		<key>B81DA2D418F8C61800C49C21</key>
		<dict>
			<key>children</key>
			<array>
				<string>B81DA2DA18F8C61800C49C21</string>
				<string>B81DA2D518F8C61800C49C21</string>
			</array>
			<key>isa</key>
			<string>PBXGroup</string>
			<key>path</key>
			<string>StelaTests</string>
			<key>sourceTree</key>
			<string>&lt;group&gt;</string>
		</dict>
		<key>B81DA2D518F8C61800C49C21</key>
		<dict>
			<key>children</key>
			<array>
				<string>B81DA2D618F8C61800C49C21</string>
				<string>B81DA2D718F8C61800C49C21</string>
			</array>
			<key>isa</key>
			<string>PBXGroup</string>
			<key>name</key>
			<string>Supporting Files</string>
			<key>sourceTree</key>
			<string>&lt;group&gt;</string>
		</dict>
		<key>B81DA2D618F8C61800C49C21</key>
		<dict>
			<key>isa</key>
			<string>PBXFileReference</string>
			<key>lastKnownFileType</key>
			<string>text.plist.xml</string>
			<key>path</key>
			<string>StelaTests-Info.plist</string>
			<key>sourceTree</key>
			<string>&lt;group&gt;</string>
		</dict>
		<key>B81DA2D718F8C61800C49C21</key>
		<dict>
			<key>children</key>
			<array>
				<string>B81DA2D818F8C61800C49C21</string>
			</array>
			<key>isa</key>
			<string>PBXVariantGroup</string>
			<key>name</key>
			<string>InfoPlist.strings</string>
			<key>sourceTree</key>
			<string>&lt;group&gt;</string>
		</dict>
		<key>B81DA2D818F8C61800C49C21</key>
		<dict>
			<key>isa</key>
			<string>PBXFileReference</string>
			<key>lastKnownFileType</key>
			<string>text.plist.strings</string>
			<key>name</key>
			<string>en</string>
			<key>path</key>
			<string>en.lproj/InfoPlist.strings</string>
			<key>sourceTree</key>
			<string>&lt;group&gt;</string>
		</dict>
		<key>B81DA2D918F8C61800C49C21</key>
		<dict>
			<key>fileRef</key>
			<string>B81DA2D718F8C61800C49C21</string>
			<key>isa</key>
			<string>PBXBuildFile</string>
		</dict>
		<key>B81DA2DA18F8C61800C49C21</key>
		<dict>
			<key>isa</key>
			<string>PBXFileReference</string>
			<key>lastKnownFileType</key>
			<string>sourcecode.c.objc</string>
			<key>path</key>
			<string>StelaTests.m</string>
			<key>sourceTree</key>
			<string>&lt;group&gt;</string>
		</dict>
		<key>B81DA2DB18F8C61800C49C21</key>
		<dict>
			<key>fileRef</key>
			<string>B81DA2DA18F8C61800C49C21</string>
			<key>isa</key>
			<string>PBXBuildFile</string>
		</dict>
		<key>B81DA2DC18F8C61800C49C21</key>
		<dict>
			<key>buildSettings</key>
			<dict>
				<key>ALWAYS_SEARCH_USER_PATHS</key>
				<string>NO</string>
				<key>CLANG_CXX_LANGUAGE_STANDARD</key>
				<string>gnu++0x</string>
				<key>CLANG_CXX_LIBRARY</key>
				<string>libc++</string>
				<key>CLANG_ENABLE_MODULES</key>
				<string>YES</string>
				<key>CLANG_ENABLE_OBJC_ARC</key>
				<string>YES</string>
				<key>CLANG_WARN_BOOL_CONVERSION</key>
				<string>YES</string>
				<key>CLANG_WARN_CONSTANT_CONVERSION</key>
				<string>YES</string>
				<key>CLANG_WARN_DIRECT_OBJC_ISA_USAGE</key>
				<string>YES_ERROR</string>
				<key>CLANG_WARN_EMPTY_BODY</key>
				<string>YES</string>
				<key>CLANG_WARN_ENUM_CONVERSION</key>
				<string>YES</string>
				<key>CLANG_WARN_INT_CONVERSION</key>
				<string>YES</string>
				<key>CLANG_WARN_OBJC_ROOT_CLASS</key>
				<string>YES_ERROR</string>
				<key>CLANG_WARN__DUPLICATE_METHOD_MATCH</key>
				<string>YES</string>
				<key>CODE_SIGN_IDENTITY[sdk=iphoneos*]</key>
				<string>iPhone Developer</string>
				<key>COPY_PHASE_STRIP</key>
				<string>NO</string>
				<key>GCC_C_LANGUAGE_STANDARD</key>
				<string>gnu99</string>
				<key>GCC_DYNAMIC_NO_PIC</key>
				<string>NO</string>
				<key>GCC_OPTIMIZATION_LEVEL</key>
				<string>0</string>
				<key>GCC_PREPROCESSOR_DEFINITIONS</key>
				<array>
					<string>DEBUG=1</string>
					<string>$(inherited)</string>
				</array>
				<key>GCC_SYMBOLS_PRIVATE_EXTERN</key>
				<string>NO</string>
				<key>GCC_WARN_64_TO_32_BIT_CONVERSION</key>
				<string>YES</string>
				<key>GCC_WARN_ABOUT_RETURN_TYPE</key>
				<string>YES_ERROR</string>
				<key>GCC_WARN_UNDECLARED_SELECTOR</key>
				<string>YES</string>
				<key>GCC_WARN_UNINITIALIZED_AUTOS</key>
				<string>YES_AGGRESSIVE</string>
				<key>GCC_WARN_UNUSED_FUNCTION</key>
				<string>YES</string>
				<key>GCC_WARN_UNUSED_VARIABLE</key>
				<string>YES</string>
				<key>IPHONEOS_DEPLOYMENT_TARGET</key>
				<string>6.0</string>
				<key>ONLY_ACTIVE_ARCH</key>
				<string>YES</string>
				<key>SDKROOT</key>
				<string>iphoneos</string>
				<key>TARGETED_DEVICE_FAMILY</key>
				<string>1,2</string>
			</dict>
			<key>isa</key>
			<string>XCBuildConfiguration</string>
			<key>name</key>
			<string>Debug</string>
		</dict>
		<key>B81DA2DD18F8C61800C49C21</key>
		<dict>
			<key>buildSettings</key>
			<dict>
				<key>ALWAYS_SEARCH_USER_PATHS</key>
				<string>NO</string>
				<key>CLANG_CXX_LANGUAGE_STANDARD</key>
				<string>gnu++0x</string>
				<key>CLANG_CXX_LIBRARY</key>
				<string>libc++</string>
				<key>CLANG_ENABLE_MODULES</key>
				<string>YES</string>
				<key>CLANG_ENABLE_OBJC_ARC</key>
				<string>YES</string>
				<key>CLANG_WARN_BOOL_CONVERSION</key>
				<string>YES</string>
				<key>CLANG_WARN_CONSTANT_CONVERSION</key>
				<string>YES</string>
				<key>CLANG_WARN_DIRECT_OBJC_ISA_USAGE</key>
				<string>YES_ERROR</string>
				<key>CLANG_WARN_EMPTY_BODY</key>
				<string>YES</string>
				<key>CLANG_WARN_ENUM_CONVERSION</key>
				<string>YES</string>
				<key>CLANG_WARN_INT_CONVERSION</key>
				<string>YES</string>
				<key>CLANG_WARN_OBJC_ROOT_CLASS</key>
				<string>YES_ERROR</string>
				<key>CLANG_WARN__DUPLICATE_METHOD_MATCH</key>
				<string>YES</string>
				<key>CODE_SIGN_IDENTITY[sdk=iphoneos*]</key>
				<string>iPhone Developer</string>
				<key>COPY_PHASE_STRIP</key>
				<string>YES</string>
				<key>ENABLE_NS_ASSERTIONS</key>
				<string>NO</string>
				<key>GCC_C_LANGUAGE_STANDARD</key>
				<string>gnu99</string>
				<key>GCC_WARN_64_TO_32_BIT_CONVERSION</key>
				<string>YES</string>
				<key>GCC_WARN_ABOUT_RETURN_TYPE</key>
				<string>YES_ERROR</string>
				<key>GCC_WARN_UNDECLARED_SELECTOR</key>
				<string>YES</string>
				<key>GCC_WARN_UNINITIALIZED_AUTOS</key>
				<string>YES_AGGRESSIVE</string>
				<key>GCC_WARN_UNUSED_FUNCTION</key>
				<string>YES</string>
				<key>GCC_WARN_UNUSED_VARIABLE</key>
				<string>YES</string>
				<key>IPHONEOS_DEPLOYMENT_TARGET</key>
				<string>6.0</string>
				<key>SDKROOT</key>
				<string>iphoneos</string>
				<key>TARGETED_DEVICE_FAMILY</key>
				<string>1,2</string>
				<key>VALIDATE_PRODUCT</key>
				<string>YES</string>
			</dict>
			<key>isa</key>
			<string>XCBuildConfiguration</string>
			<key>name</key>
			<string>Release</string>
		</dict>
		<key>B81DA2DE18F8C61800C49C21</key>
		<dict>
			<key>buildConfigurations</key>
			<array>
				<string>B81DA2DF18F8C61800C49C21</string>
				<string>B81DA2E018F8C61800C49C21</string>
			</array>
			<key>defaultConfigurationIsVisible</key>
			<string>0</string>
			<key>defaultConfigurationName</key>
			<string>Release</string>
			<key>isa</key>
			<string>XCConfigurationList</string>
		</dict>
		<key>B81DA2DF18F8C61800C49C21</key>
		<dict>
			<key>baseConfigurationReference</key>
			<string>0738A26375D9E98DBE30CA57</string>
			<key>buildSettings</key>
			<dict>
				<key>ASSETCATALOG_COMPILER_APPICON_NAME</key>
				<string>AppIcon</string>
				<key>ASSETCATALOG_COMPILER_LAUNCHIMAGE_NAME</key>
				<string>LaunchImage</string>
				<key>CODE_SIGN_IDENTITY</key>
				<string>iPhone Developer</string>
				<key>CODE_SIGN_IDENTITY[sdk=iphoneos*]</key>
				<string>iPhone Developer</string>
				<key>FRAMEWORK_SEARCH_PATHS</key>
				<array>
					<string>$(inherited)</string>
					<string>$(PROJECT_DIR)</string>
				</array>
				<key>GCC_PRECOMPILE_PREFIX_HEADER</key>
				<string>YES</string>
				<key>GCC_PREFIX_HEADER</key>
				<string>Stela/Stela-Prefix.pch</string>
				<key>INFOPLIST_FILE</key>
				<string>Stela/Stela-Info.plist</string>
				<key>IPHONEOS_DEPLOYMENT_TARGET</key>
				<string>6.0</string>
				<key>OTHER_LDFLAGS</key>
				<array>
					<string>-ObjC</string>
					<string>$(inherited)</string>
				</array>
				<key>PRODUCT_NAME</key>
				<string>$(TARGET_NAME)</string>
				<key>PROVISIONING_PROFILE</key>
				<string></string>
				<key>VERSIONING_SYSTEM</key>
				<string>apple-generic</string>
				<key>WRAPPER_EXTENSION</key>
				<string>app</string>
			</dict>
			<key>isa</key>
			<string>XCBuildConfiguration</string>
			<key>name</key>
			<string>Debug</string>
		</dict>
		<key>B81DA2E018F8C61800C49C21</key>
		<dict>
			<key>baseConfigurationReference</key>
			<string>1D34E64D4E5060C399D63C06</string>
			<key>buildSettings</key>
			<dict>
				<key>ASSETCATALOG_COMPILER_APPICON_NAME</key>
				<string>AppIcon</string>
				<key>ASSETCATALOG_COMPILER_LAUNCHIMAGE_NAME</key>
				<string>LaunchImage</string>
				<key>CODE_SIGN_IDENTITY</key>
				<string>iPhone Developer</string>
				<key>CODE_SIGN_IDENTITY[sdk=iphoneos*]</key>
				<string>iPhone Developer</string>
				<key>FRAMEWORK_SEARCH_PATHS</key>
				<array>
					<string>$(inherited)</string>
					<string>$(PROJECT_DIR)</string>
				</array>
				<key>GCC_PRECOMPILE_PREFIX_HEADER</key>
				<string>YES</string>
				<key>GCC_PREFIX_HEADER</key>
				<string>Stela/Stela-Prefix.pch</string>
				<key>INFOPLIST_FILE</key>
				<string>Stela/Stela-Info.plist</string>
				<key>IPHONEOS_DEPLOYMENT_TARGET</key>
				<string>6.0</string>
				<key>OTHER_LDFLAGS</key>
				<array>
					<string>-ObjC</string>
					<string>$(inherited)</string>
				</array>
				<key>PRODUCT_NAME</key>
				<string>$(TARGET_NAME)</string>
				<key>PROVISIONING_PROFILE</key>
				<string></string>
				<key>VERSIONING_SYSTEM</key>
				<string>apple-generic</string>
				<key>WRAPPER_EXTENSION</key>
				<string>app</string>
			</dict>
			<key>isa</key>
			<string>XCBuildConfiguration</string>
			<key>name</key>
			<string>Release</string>
		</dict>
		<key>B81DA2E118F8C61800C49C21</key>
		<dict>
			<key>buildConfigurations</key>
			<array>
				<string>B81DA2E218F8C61800C49C21</string>
				<string>B81DA2E318F8C61800C49C21</string>
			</array>
			<key>defaultConfigurationIsVisible</key>
			<string>0</string>
			<key>defaultConfigurationName</key>
			<string>Release</string>
			<key>isa</key>
			<string>XCConfigurationList</string>
		</dict>
		<key>B81DA2E218F8C61800C49C21</key>
		<dict>
			<key>buildSettings</key>
			<dict>
				<key>BUNDLE_LOADER</key>
				<string>$(BUILT_PRODUCTS_DIR)/Stela.app/Stela</string>
				<key>FRAMEWORK_SEARCH_PATHS</key>
				<array>
					<string>$(SDKROOT)/Developer/Library/Frameworks</string>
					<string>$(inherited)</string>
					<string>$(DEVELOPER_FRAMEWORKS_DIR)</string>
				</array>
				<key>GCC_PRECOMPILE_PREFIX_HEADER</key>
				<string>YES</string>
				<key>GCC_PREFIX_HEADER</key>
				<string>Stela/Stela-Prefix.pch</string>
				<key>GCC_PREPROCESSOR_DEFINITIONS</key>
				<array>
					<string>DEBUG=1</string>
					<string>$(inherited)</string>
				</array>
				<key>INFOPLIST_FILE</key>
				<string>StelaTests/StelaTests-Info.plist</string>
				<key>PRODUCT_NAME</key>
				<string>$(TARGET_NAME)</string>
				<key>TEST_HOST</key>
				<string>$(BUNDLE_LOADER)</string>
				<key>WRAPPER_EXTENSION</key>
				<string>xctest</string>
			</dict>
			<key>isa</key>
			<string>XCBuildConfiguration</string>
			<key>name</key>
			<string>Debug</string>
		</dict>
		<key>B81DA2E318F8C61800C49C21</key>
		<dict>
			<key>buildSettings</key>
			<dict>
				<key>BUNDLE_LOADER</key>
				<string>$(BUILT_PRODUCTS_DIR)/Stela.app/Stela</string>
				<key>FRAMEWORK_SEARCH_PATHS</key>
				<array>
					<string>$(SDKROOT)/Developer/Library/Frameworks</string>
					<string>$(inherited)</string>
					<string>$(DEVELOPER_FRAMEWORKS_DIR)</string>
				</array>
				<key>GCC_PRECOMPILE_PREFIX_HEADER</key>
				<string>YES</string>
				<key>GCC_PREFIX_HEADER</key>
				<string>Stela/Stela-Prefix.pch</string>
				<key>INFOPLIST_FILE</key>
				<string>StelaTests/StelaTests-Info.plist</string>
				<key>PRODUCT_NAME</key>
				<string>$(TARGET_NAME)</string>
				<key>TEST_HOST</key>
				<string>$(BUNDLE_LOADER)</string>
				<key>WRAPPER_EXTENSION</key>
				<string>xctest</string>
			</dict>
			<key>isa</key>
			<string>XCBuildConfiguration</string>
			<key>name</key>
			<string>Release</string>
		</dict>
		<key>B81DA2E418F8C69400C49C21</key>
		<dict>
			<key>isa</key>
			<string>PBXFileReference</string>
			<key>lastKnownFileType</key>
			<string>wrapper.framework</string>
			<key>path</key>
			<string>PebbleKit.framework</string>
			<key>sourceTree</key>
			<string>&lt;group&gt;</string>
		</dict>
		<key>B81DA2E518F8C69400C49C21</key>
		<dict>
			<key>fileRef</key>
			<string>B81DA2E418F8C69400C49C21</string>
			<key>isa</key>
			<string>PBXBuildFile</string>
		</dict>
		<key>B81DA2E618F8C6B200C49C21</key>
		<dict>
			<key>isa</key>
			<string>PBXFileReference</string>
			<key>lastKnownFileType</key>
			<string>wrapper.framework</string>
			<key>path</key>
			<string>PebbleVendor.framework</string>
			<key>sourceTree</key>
			<string>&lt;group&gt;</string>
		</dict>
		<key>B81DA2E718F8C6B200C49C21</key>
		<dict>
			<key>fileRef</key>
			<string>B81DA2E618F8C6B200C49C21</string>
			<key>isa</key>
			<string>PBXBuildFile</string>
		</dict>
		<key>B81DA2E818F8C6CF00C49C21</key>
		<dict>
			<key>isa</key>
			<string>PBXFileReference</string>
			<key>lastKnownFileType</key>
			<string>wrapper.framework</string>
			<key>name</key>
			<string>ExternalAccessory.framework</string>
			<key>path</key>
			<string>System/Library/Frameworks/ExternalAccessory.framework</string>
			<key>sourceTree</key>
			<string>SDKROOT</string>
		</dict>
		<key>B81DA2E918F8C6CF00C49C21</key>
		<dict>
			<key>fileRef</key>
			<string>B81DA2E818F8C6CF00C49C21</string>
			<key>isa</key>
			<string>PBXBuildFile</string>
		</dict>
		<key>B81DA2EA18F8C6DA00C49C21</key>
		<dict>
			<key>isa</key>
			<string>PBXFileReference</string>
			<key>lastKnownFileType</key>
			<string>compiled.mach-o.dylib</string>
			<key>name</key>
			<string>libz.dylib</string>
			<key>path</key>
			<string>usr/lib/libz.dylib</string>
			<key>sourceTree</key>
			<string>SDKROOT</string>
		</dict>
		<key>B81DA2EB18F8C6DA00C49C21</key>
		<dict>
			<key>fileRef</key>
			<string>B81DA2EA18F8C6DA00C49C21</string>
			<key>isa</key>
			<string>PBXBuildFile</string>
		</dict>
		<key>B81DA2EC18F8C6F300C49C21</key>
		<dict>
			<key>isa</key>
			<string>PBXFileReference</string>
			<key>lastKnownFileType</key>
			<string>wrapper.framework</string>
			<key>name</key>
			<string>CFNetwork.framework</string>
			<key>path</key>
			<string>System/Library/Frameworks/CFNetwork.framework</string>
			<key>sourceTree</key>
			<string>SDKROOT</string>
		</dict>
		<key>B81DA2ED18F8C6F300C49C21</key>
		<dict>
			<key>isa</key>
			<string>PBXFileReference</string>
			<key>lastKnownFileType</key>
			<string>wrapper.framework</string>
			<key>name</key>
			<string>CoreBluetooth.framework</string>
			<key>path</key>
			<string>System/Library/Frameworks/CoreBluetooth.framework</string>
			<key>sourceTree</key>
			<string>SDKROOT</string>
		</dict>
		<key>B81DA2EE18F8C6F300C49C21</key>
		<dict>
			<key>isa</key>
			<string>PBXFileReference</string>
			<key>lastKnownFileType</key>
			<string>wrapper.framework</string>
			<key>name</key>
			<string>CoreMotion.framework</string>
			<key>path</key>
			<string>System/Library/Frameworks/CoreMotion.framework</string>
			<key>sourceTree</key>
			<string>SDKROOT</string>
		</dict>
		<key>B81DA2EF18F8C6F300C49C21</key>
		<dict>
			<key>fileRef</key>
			<string>B81DA2EC18F8C6F300C49C21</string>
			<key>isa</key>
			<string>PBXBuildFile</string>
		</dict>
		<key>B81DA2F018F8C6F300C49C21</key>
		<dict>
			<key>fileRef</key>
			<string>B81DA2ED18F8C6F300C49C21</string>
			<key>isa</key>
			<string>PBXBuildFile</string>
		</dict>
		<key>B81DA2F118F8C6F300C49C21</key>
		<dict>
			<key>fileRef</key>
			<string>B81DA2EE18F8C6F300C49C21</string>
			<key>isa</key>
			<string>PBXBuildFile</string>
		</dict>
		<key>B81DA2F218F8C6FD00C49C21</key>
		<dict>
			<key>isa</key>
			<string>PBXFileReference</string>
			<key>lastKnownFileType</key>
			<string>wrapper.framework</string>
			<key>name</key>
			<string>MessageUI.framework</string>
			<key>path</key>
			<string>System/Library/Frameworks/MessageUI.framework</string>
			<key>sourceTree</key>
			<string>SDKROOT</string>
		</dict>
		<key>B81DA2F318F8C6FD00C49C21</key>
		<dict>
			<key>fileRef</key>
			<string>B81DA2F218F8C6FD00C49C21</string>
			<key>isa</key>
			<string>PBXBuildFile</string>
		</dict>
		<key>B8474BA419E227DC00778E18</key>
		<dict>
			<key>containerPortal</key>
			<string>B87C071E19257712006F3596</string>
			<key>isa</key>
			<string>PBXContainerItemProxy</string>
			<key>proxyType</key>
			<string>1</string>
			<key>remoteGlobalIDString</key>
			<string>D286A7481518C70F00E13FB8</string>
			<key>remoteInfo</key>
			<string>MBProgressHUD</string>
		</dict>
		<key>B8474BA519E227DC00778E18</key>
		<dict>
			<key>isa</key>
			<string>PBXTargetDependency</string>
			<key>name</key>
			<string>MBProgressHUD</string>
			<key>targetProxy</key>
			<string>B8474BA419E227DC00778E18</string>
		</dict>
		<key>B86E1B2A18F8C84800FAD644</key>
		<dict>
			<key>fileEncoding</key>
			<string>4</string>
			<key>isa</key>
			<string>PBXFileReference</string>
			<key>lastKnownFileType</key>
			<string>sourcecode.c.h</string>
			<key>path</key>
			<string>BrowserViewController.h</string>
			<key>sourceTree</key>
			<string>&lt;group&gt;</string>
		</dict>
		<key>B86E1B2B18F8C84800FAD644</key>
		<dict>
			<key>fileEncoding</key>
			<string>4</string>
			<key>isa</key>
			<string>PBXFileReference</string>
			<key>lastKnownFileType</key>
			<string>sourcecode.c.objc</string>
			<key>path</key>
			<string>BrowserViewController.m</string>
			<key>sourceTree</key>
			<string>&lt;group&gt;</string>
		</dict>
		<key>B86E1B2C18F8C84800FAD644</key>
		<dict>
			<key>fileRef</key>
			<string>B86E1B2B18F8C84800FAD644</string>
			<key>isa</key>
			<string>PBXBuildFile</string>
		</dict>
		<key>B86E1B2D18F9007500FAD644</key>
		<dict>
			<key>fileEncoding</key>
			<string>4</string>
			<key>isa</key>
			<string>PBXFileReference</string>
			<key>lastKnownFileType</key>
			<string>sourcecode.javascript</string>
			<key>path</key>
			<string>ArticlePull.js</string>
			<key>sourceTree</key>
			<string>&lt;group&gt;</string>
		</dict>
		<key>B86E1B2F18F90BAA00FAD644</key>
		<dict>
			<key>fileRef</key>
			<string>B86E1B2D18F9007500FAD644</string>
			<key>isa</key>
			<string>PBXBuildFile</string>
		</dict>
		<key>B87C06F919257712006F3596</key>
		<dict>
			<key>children</key>
			<array>
				<string>B87C071E19257712006F3596</string>
			</array>
			<key>isa</key>
			<string>PBXGroup</string>
			<key>path</key>
			<string>MBProgressHUD</string>
			<key>sourceTree</key>
			<string>&lt;group&gt;</string>
		</dict>
		<key>B87C071E19257712006F3596</key>
		<dict>
			<key>isa</key>
			<string>PBXFileReference</string>
			<key>lastKnownFileType</key>
			<string>wrapper.pb-project</string>
			<key>path</key>
			<string>MBProgressHUD.xcodeproj</string>
			<key>sourceTree</key>
			<string>&lt;group&gt;</string>
		</dict>
		<key>B87C071F19257712006F3596</key>
		<dict>
			<key>children</key>
			<array>
				<string>B87C074119257712006F3596</string>
			</array>
			<key>isa</key>
			<string>PBXGroup</string>
			<key>name</key>
			<string>Products</string>
			<key>sourceTree</key>
			<string>&lt;group&gt;</string>
		</dict>
		<key>B87C074019257712006F3596</key>
		<dict>
			<key>containerPortal</key>
			<string>B87C071E19257712006F3596</string>
			<key>isa</key>
			<string>PBXContainerItemProxy</string>
			<key>proxyType</key>
			<string>2</string>
			<key>remoteGlobalIDString</key>
			<string>D286A7491518C70F00E13FB8</string>
			<key>remoteInfo</key>
			<string>MBProgressHUD</string>
		</dict>
		<key>B87C074119257712006F3596</key>
		<dict>
			<key>fileType</key>
			<string>archive.ar</string>
			<key>isa</key>
			<string>PBXReferenceProxy</string>
			<key>path</key>
			<string>libMBProgressHUD.a</string>
			<key>remoteRef</key>
			<string>B87C074019257712006F3596</string>
			<key>sourceTree</key>
			<string>BUILT_PRODUCTS_DIR</string>
		</dict>
		<key>B89600E618F9852900E0CAE4</key>
		<dict>
			<key>buildActionMask</key>
			<string>2147483647</string>
			<key>files</key>
			<array/>
			<key>inputPaths</key>
			<array/>
			<key>isa</key>
			<string>PBXShellScriptBuildPhase</string>
			<key>outputPaths</key>
			<array/>
			<key>runOnlyForDeploymentPostprocessing</key>
			<string>0</string>
			<key>shellPath</key>
			<string>/bin/sh</string>
			<key>shellScript</key>
			<string>KEYWORDS="TODO|FIXME|\?\?\?:|\!\!\!:"
find "${SRCROOT}" \( -name "*.h" -or -name "*.m" -or -name "*.c" -or -name "*.mm" \) -print0 | xargs -0 egrep --with-filename --line-number --only-matching "($KEYWORDS).*\$" | perl -p -e "s/($KEYWORDS)/ warning: \$1/"</string>
		</dict>
		<key>B8B65B64190A5963002ADC6E</key>
		<dict>
			<key>children</key>
			<array/>
			<key>isa</key>
			<string>PBXGroup</string>
			<key>name</key>
			<string>Icon</string>
			<key>sourceTree</key>
			<string>&lt;group&gt;</string>
		</dict>
		<key>B8B65B83190A59CC002ADC6E</key>
		<dict>
			<key>children</key>
			<array/>
			<key>isa</key>
			<string>PBXGroup</string>
			<key>name</key>
			<string>LaunchImages</string>
			<key>sourceTree</key>
			<string>&lt;group&gt;</string>
		</dict>
	</dict>
	<key>rootObject</key>
	<string>B81DA2A118F8C61800C49C21</string>
</dict>
</plist>
