// !$*UTF8*$!
{
	archiveVersion = 1;
	classes = {
	};
	objectVersion = 46;
	objects = {

/* Begin PBXBuildFile section */
		1CDB164A2C60488396E11100 /* libPods.a in Frameworks */ = {isa = PBXBuildFile; fileRef = ADF2AE4C62924C3CA1A7D7C3 /* libPods.a */; };
		B81DA2AD18F8C61800C49C21 /* Foundation.framework in Frameworks */ = {isa = PBXBuildFile; fileRef = B81DA2AC18F8C61800C49C21 /* Foundation.framework */; };
		B81DA2AF18F8C61800C49C21 /* CoreGraphics.framework in Frameworks */ = {isa = PBXBuildFile; fileRef = B81DA2AE18F8C61800C49C21 /* CoreGraphics.framework */; };
		B81DA2B118F8C61800C49C21 /* UIKit.framework in Frameworks */ = {isa = PBXBuildFile; fileRef = B81DA2B018F8C61800C49C21 /* UIKit.framework */; };
		B81DA2B718F8C61800C49C21 /* InfoPlist.strings in Resources */ = {isa = PBXBuildFile; fileRef = B81DA2B518F8C61800C49C21 /* InfoPlist.strings */; };
		B81DA2B918F8C61800C49C21 /* main.m in Sources */ = {isa = PBXBuildFile; fileRef = B81DA2B818F8C61800C49C21 /* main.m */; };
		B81DA2BD18F8C61800C49C21 /* AppDelegate.m in Sources */ = {isa = PBXBuildFile; fileRef = B81DA2BC18F8C61800C49C21 /* AppDelegate.m */; };
		B81DA2C018F8C61800C49C21 /* Main_iPhone.storyboard in Resources */ = {isa = PBXBuildFile; fileRef = B81DA2BE18F8C61800C49C21 /* Main_iPhone.storyboard */; };
		B81DA2C818F8C61800C49C21 /* Images.xcassets in Resources */ = {isa = PBXBuildFile; fileRef = B81DA2C718F8C61800C49C21 /* Images.xcassets */; };
		B81DA2CF18F8C61800C49C21 /* XCTest.framework in Frameworks */ = {isa = PBXBuildFile; fileRef = B81DA2CE18F8C61800C49C21 /* XCTest.framework */; };
		B81DA2D018F8C61800C49C21 /* Foundation.framework in Frameworks */ = {isa = PBXBuildFile; fileRef = B81DA2AC18F8C61800C49C21 /* Foundation.framework */; };
		B81DA2D118F8C61800C49C21 /* UIKit.framework in Frameworks */ = {isa = PBXBuildFile; fileRef = B81DA2B018F8C61800C49C21 /* UIKit.framework */; };
		B81DA2D918F8C61800C49C21 /* InfoPlist.strings in Resources */ = {isa = PBXBuildFile; fileRef = B81DA2D718F8C61800C49C21 /* InfoPlist.strings */; };
		B81DA2DB18F8C61800C49C21 /* StelaTests.m in Sources */ = {isa = PBXBuildFile; fileRef = B81DA2DA18F8C61800C49C21 /* StelaTests.m */; };
		B81DA2EB18F8C6DA00C49C21 /* libz.dylib in Frameworks */ = {isa = PBXBuildFile; fileRef = B81DA2EA18F8C6DA00C49C21 /* libz.dylib */; };
		B81DA2EF18F8C6F300C49C21 /* CFNetwork.framework in Frameworks */ = {isa = PBXBuildFile; fileRef = B81DA2EC18F8C6F300C49C21 /* CFNetwork.framework */; };
		B81DA2F018F8C6F300C49C21 /* CoreBluetooth.framework in Frameworks */ = {isa = PBXBuildFile; fileRef = B81DA2ED18F8C6F300C49C21 /* CoreBluetooth.framework */; };
		B81DA2F118F8C6F300C49C21 /* CoreMotion.framework in Frameworks */ = {isa = PBXBuildFile; fileRef = B81DA2EE18F8C6F300C49C21 /* CoreMotion.framework */; };
		B81DA2F318F8C6FD00C49C21 /* MessageUI.framework in Frameworks */ = {isa = PBXBuildFile; fileRef = B81DA2F218F8C6FD00C49C21 /* MessageUI.framework */; };
		B85321241A3A268A00F3BF6D /* iTunesArtwork.png in Resources */ = {isa = PBXBuildFile; fileRef = B85321231A3A268A00F3BF6D /* iTunesArtwork.png */; };
		B86E1B2C18F8C84800FAD644 /* STLABrowserVC.m in Sources */ = {isa = PBXBuildFile; fileRef = B86E1B2B18F8C84800FAD644 /* STLABrowserVC.m */; };
		B8B0C4631A7C316700EDE404 /* STLAMessenger.m in Sources */ = {isa = PBXBuildFile; fileRef = B8B0C4621A7C316700EDE404 /* STLAMessenger.m */; };
		B8B0C4661A7C448100EDE404 /* STLAWordManager.m in Sources */ = {isa = PBXBuildFile; fileRef = B8B0C4651A7C448100EDE404 /* STLAWordManager.m */; };
		B8B0C4681A7C945800EDE404 /* STLAConstants.m in Sources */ = {isa = PBXBuildFile; fileRef = B8B0C4671A7C945800EDE404 /* STLAConstants.m */; };
/* End PBXBuildFile section */

/* Begin PBXContainerItemProxy section */
		B81DA2D218F8C61800C49C21 /* PBXContainerItemProxy */ = {
			isa = PBXContainerItemProxy;
			containerPortal = B81DA2A118F8C61800C49C21 /* Project object */;
			proxyType = 1;
			remoteGlobalIDString = B81DA2A818F8C61800C49C21;
			remoteInfo = Stela;
		};
/* End PBXContainerItemProxy section */

/* Begin PBXCopyFilesBuildPhase section */
		B8D921E61ACF583C00138350 /* Embed App Extensions */ = {
			isa = PBXCopyFilesBuildPhase;
			buildActionMask = 2147483647;
			dstPath = "";
			dstSubfolderSpec = 13;
			files = (
			);
			name = "Embed App Extensions";
			runOnlyForDeploymentPostprocessing = 0;
		};
/* End PBXCopyFilesBuildPhase section */

/* Begin PBXFileReference section */
		0738A26375D9E98DBE30CA57 /* Pods.debug.xcconfig */ = {isa = PBXFileReference; includeInIndex = 1; lastKnownFileType = text.xcconfig; name = Pods.debug.xcconfig; path = "Pods/Target Support Files/Pods/Pods.debug.xcconfig"; sourceTree = "<group>"; };
		1D34E64D4E5060C399D63C06 /* Pods.release.xcconfig */ = {isa = PBXFileReference; includeInIndex = 1; lastKnownFileType = text.xcconfig; name = Pods.release.xcconfig; path = "Pods/Target Support Files/Pods/Pods.release.xcconfig"; sourceTree = "<group>"; };
		ADF2AE4C62924C3CA1A7D7C3 /* libPods.a */ = {isa = PBXFileReference; explicitFileType = archive.ar; includeInIndex = 0; path = libPods.a; sourceTree = BUILT_PRODUCTS_DIR; };
		B8019FBE1ADC62B6001EC544 /* JLUtils.h */ = {isa = PBXFileReference; fileEncoding = 4; lastKnownFileType = sourcecode.c.h; path = JLUtils.h; sourceTree = "<group>"; };
		B80D7D6B1AD88C3F00DD7822 /* STLAWatch.h */ = {isa = PBXFileReference; fileEncoding = 4; lastKnownFileType = sourcecode.c.h; path = STLAWatch.h; sourceTree = "<group>"; };
		B81DA2A918F8C61800C49C21 /* Stela.app */ = {isa = PBXFileReference; explicitFileType = wrapper.application; includeInIndex = 0; path = Stela.app; sourceTree = BUILT_PRODUCTS_DIR; };
		B81DA2AC18F8C61800C49C21 /* Foundation.framework */ = {isa = PBXFileReference; lastKnownFileType = wrapper.framework; name = Foundation.framework; path = System/Library/Frameworks/Foundation.framework; sourceTree = SDKROOT; };
		B81DA2AE18F8C61800C49C21 /* CoreGraphics.framework */ = {isa = PBXFileReference; lastKnownFileType = wrapper.framework; name = CoreGraphics.framework; path = System/Library/Frameworks/CoreGraphics.framework; sourceTree = SDKROOT; };
		B81DA2B018F8C61800C49C21 /* UIKit.framework */ = {isa = PBXFileReference; lastKnownFileType = wrapper.framework; name = UIKit.framework; path = System/Library/Frameworks/UIKit.framework; sourceTree = SDKROOT; };
		B81DA2B418F8C61800C49C21 /* Stela-Info.plist */ = {isa = PBXFileReference; lastKnownFileType = text.plist.xml; path = "Stela-Info.plist"; sourceTree = "<group>"; };
		B81DA2B618F8C61800C49C21 /* en */ = {isa = PBXFileReference; lastKnownFileType = text.plist.strings; name = en; path = en.lproj/InfoPlist.strings; sourceTree = "<group>"; };
		B81DA2B818F8C61800C49C21 /* main.m */ = {isa = PBXFileReference; lastKnownFileType = sourcecode.c.objc; path = main.m; sourceTree = "<group>"; };
		B81DA2BA18F8C61800C49C21 /* Stela-Prefix.pch */ = {isa = PBXFileReference; lastKnownFileType = sourcecode.c.h; path = "Stela-Prefix.pch"; sourceTree = "<group>"; };
		B81DA2BB18F8C61800C49C21 /* AppDelegate.h */ = {isa = PBXFileReference; lastKnownFileType = sourcecode.c.h; path = AppDelegate.h; sourceTree = "<group>"; };
		B81DA2BC18F8C61800C49C21 /* AppDelegate.m */ = {isa = PBXFileReference; lastKnownFileType = sourcecode.c.objc; path = AppDelegate.m; sourceTree = "<group>"; };
		B81DA2BF18F8C61800C49C21 /* Base */ = {isa = PBXFileReference; lastKnownFileType = file.storyboard; name = Base; path = Base.lproj/Main_iPhone.storyboard; sourceTree = "<group>"; };
		B81DA2C718F8C61800C49C21 /* Images.xcassets */ = {isa = PBXFileReference; lastKnownFileType = folder.assetcatalog; path = Images.xcassets; sourceTree = "<group>"; };
		B81DA2CD18F8C61800C49C21 /* StelaTests.xctest */ = {isa = PBXFileReference; explicitFileType = wrapper.cfbundle; includeInIndex = 0; path = StelaTests.xctest; sourceTree = BUILT_PRODUCTS_DIR; };
		B81DA2CE18F8C61800C49C21 /* XCTest.framework */ = {isa = PBXFileReference; lastKnownFileType = wrapper.framework; name = XCTest.framework; path = Library/Frameworks/XCTest.framework; sourceTree = DEVELOPER_DIR; };
		B81DA2D618F8C61800C49C21 /* StelaTests-Info.plist */ = {isa = PBXFileReference; lastKnownFileType = text.plist.xml; path = "StelaTests-Info.plist"; sourceTree = "<group>"; };
		B81DA2D818F8C61800C49C21 /* en */ = {isa = PBXFileReference; lastKnownFileType = text.plist.strings; name = en; path = en.lproj/InfoPlist.strings; sourceTree = "<group>"; };
		B81DA2DA18F8C61800C49C21 /* StelaTests.m */ = {isa = PBXFileReference; lastKnownFileType = sourcecode.c.objc; path = StelaTests.m; sourceTree = "<group>"; };
		B81DA2EA18F8C6DA00C49C21 /* libz.dylib */ = {isa = PBXFileReference; lastKnownFileType = "compiled.mach-o.dylib"; name = libz.dylib; path = usr/lib/libz.dylib; sourceTree = SDKROOT; };
		B81DA2EC18F8C6F300C49C21 /* CFNetwork.framework */ = {isa = PBXFileReference; lastKnownFileType = wrapper.framework; name = CFNetwork.framework; path = System/Library/Frameworks/CFNetwork.framework; sourceTree = SDKROOT; };
		B81DA2ED18F8C6F300C49C21 /* CoreBluetooth.framework */ = {isa = PBXFileReference; lastKnownFileType = wrapper.framework; name = CoreBluetooth.framework; path = System/Library/Frameworks/CoreBluetooth.framework; sourceTree = SDKROOT; };
		B81DA2EE18F8C6F300C49C21 /* CoreMotion.framework */ = {isa = PBXFileReference; lastKnownFileType = wrapper.framework; name = CoreMotion.framework; path = System/Library/Frameworks/CoreMotion.framework; sourceTree = SDKROOT; };
		B81DA2F218F8C6FD00C49C21 /* MessageUI.framework */ = {isa = PBXFileReference; lastKnownFileType = wrapper.framework; name = MessageUI.framework; path = System/Library/Frameworks/MessageUI.framework; sourceTree = SDKROOT; };
		B85321231A3A268A00F3BF6D /* iTunesArtwork.png */ = {isa = PBXFileReference; lastKnownFileType = image.png; path = iTunesArtwork.png; sourceTree = "<group>"; };
		B86E1B2A18F8C84800FAD644 /* STLABrowserVC.h */ = {isa = PBXFileReference; fileEncoding = 4; lastKnownFileType = sourcecode.c.h; path = STLABrowserVC.h; sourceTree = "<group>"; };
		B86E1B2B18F8C84800FAD644 /* STLABrowserVC.m */ = {isa = PBXFileReference; fileEncoding = 4; lastKnownFileType = sourcecode.c.objc; path = STLABrowserVC.m; sourceTree = "<group>"; };
		B8B0C4611A7C316700EDE404 /* STLAMessenger.h */ = {isa = PBXFileReference; fileEncoding = 4; lastKnownFileType = sourcecode.c.h; path = STLAMessenger.h; sourceTree = "<group>"; };
		B8B0C4621A7C316700EDE404 /* STLAMessenger.m */ = {isa = PBXFileReference; fileEncoding = 4; lastKnownFileType = sourcecode.c.objc; path = STLAMessenger.m; sourceTree = "<group>"; };
		B8B0C4641A7C448100EDE404 /* STLAWordManager.h */ = {isa = PBXFileReference; fileEncoding = 4; lastKnownFileType = sourcecode.c.h; path = STLAWordManager.h; sourceTree = "<group>"; };
		B8B0C4651A7C448100EDE404 /* STLAWordManager.m */ = {isa = PBXFileReference; fileEncoding = 4; lastKnownFileType = sourcecode.c.objc; path = STLAWordManager.m; sourceTree = "<group>"; };
		B8B0C4671A7C945800EDE404 /* STLAConstants.m */ = {isa = PBXFileReference; fileEncoding = 4; lastKnownFileType = sourcecode.c.objc; path = STLAConstants.m; sourceTree = "<group>"; };
		B8CF7E3C1A5BAB9800190FA7 /* STLAConstants.h */ = {isa = PBXFileReference; lastKnownFileType = sourcecode.c.h; path = STLAConstants.h; sourceTree = "<group>"; };
/* End PBXFileReference section */

/* Begin PBXFrameworksBuildPhase section */
		B81DA2A618F8C61800C49C21 /* Frameworks */ = {
			isa = PBXFrameworksBuildPhase;
			buildActionMask = 2147483647;
			files = (
				B81DA2F318F8C6FD00C49C21 /* MessageUI.framework in Frameworks */,
				B81DA2EF18F8C6F300C49C21 /* CFNetwork.framework in Frameworks */,
				B81DA2F018F8C6F300C49C21 /* CoreBluetooth.framework in Frameworks */,
				B81DA2F118F8C6F300C49C21 /* CoreMotion.framework in Frameworks */,
				B81DA2EB18F8C6DA00C49C21 /* libz.dylib in Frameworks */,
				B81DA2AF18F8C61800C49C21 /* CoreGraphics.framework in Frameworks */,
				B81DA2B118F8C61800C49C21 /* UIKit.framework in Frameworks */,
				B81DA2AD18F8C61800C49C21 /* Foundation.framework in Frameworks */,
				1CDB164A2C60488396E11100 /* libPods.a in Frameworks */,
			);
			runOnlyForDeploymentPostprocessing = 0;
		};
		B81DA2CA18F8C61800C49C21 /* Frameworks */ = {
			isa = PBXFrameworksBuildPhase;
			buildActionMask = 2147483647;
			files = (
				B81DA2CF18F8C61800C49C21 /* XCTest.framework in Frameworks */,
				B81DA2D118F8C61800C49C21 /* UIKit.framework in Frameworks */,
				B81DA2D018F8C61800C49C21 /* Foundation.framework in Frameworks */,
			);
			runOnlyForDeploymentPostprocessing = 0;
		};
/* End PBXFrameworksBuildPhase section */

/* Begin PBXGroup section */
		40E941894CBA700A2C21BB92 /* Pods */ = {
			isa = PBXGroup;
			children = (
				0738A26375D9E98DBE30CA57 /* Pods.debug.xcconfig */,
				1D34E64D4E5060C399D63C06 /* Pods.release.xcconfig */,
			);
			name = Pods;
			sourceTree = "<group>";
		};
		B81DA2A018F8C61800C49C21 = {
			isa = PBXGroup;
			children = (
				B81DA2B218F8C61800C49C21 /* Stela */,
				B81DA2D418F8C61800C49C21 /* StelaTests */,
				B81DA2AB18F8C61800C49C21 /* Frameworks */,
				B81DA2AA18F8C61800C49C21 /* Products */,
				40E941894CBA700A2C21BB92 /* Pods */,
			);
			sourceTree = "<group>";
		};
		B81DA2AA18F8C61800C49C21 /* Products */ = {
			isa = PBXGroup;
			children = (
				B81DA2A918F8C61800C49C21 /* Stela.app */,
				B81DA2CD18F8C61800C49C21 /* StelaTests.xctest */,
			);
			name = Products;
			sourceTree = "<group>";
		};
		B81DA2AB18F8C61800C49C21 /* Frameworks */ = {
			isa = PBXGroup;
			children = (
				B81DA2F218F8C6FD00C49C21 /* MessageUI.framework */,
				B81DA2EC18F8C6F300C49C21 /* CFNetwork.framework */,
				B81DA2ED18F8C6F300C49C21 /* CoreBluetooth.framework */,
				B81DA2EE18F8C6F300C49C21 /* CoreMotion.framework */,
				B81DA2EA18F8C6DA00C49C21 /* libz.dylib */,
				B81DA2AC18F8C61800C49C21 /* Foundation.framework */,
				B81DA2AE18F8C61800C49C21 /* CoreGraphics.framework */,
				B81DA2B018F8C61800C49C21 /* UIKit.framework */,
				B81DA2CE18F8C61800C49C21 /* XCTest.framework */,
				ADF2AE4C62924C3CA1A7D7C3 /* libPods.a */,
			);
			name = Frameworks;
			sourceTree = "<group>";
		};
		B81DA2B218F8C61800C49C21 /* Stela */ = {
			isa = PBXGroup;
			children = (
				B81DA2BB18F8C61800C49C21 /* AppDelegate.h */,
				B81DA2BC18F8C61800C49C21 /* AppDelegate.m */,
				B81DA2C718F8C61800C49C21 /* Images.xcassets */,
				B8019FBE1ADC62B6001EC544 /* JLUtils.h */,
				B81DA2BE18F8C61800C49C21 /* Main_iPhone.storyboard */,
				B86E1B2A18F8C84800FAD644 /* STLABrowserVC.h */,
				B86E1B2B18F8C84800FAD644 /* STLABrowserVC.m */,
				B8CF7E3C1A5BAB9800190FA7 /* STLAConstants.h */,
				B8B0C4671A7C945800EDE404 /* STLAConstants.m */,
				B8B0C4611A7C316700EDE404 /* STLAMessenger.h */,
				B8B0C4621A7C316700EDE404 /* STLAMessenger.m */,
				B80D7D6B1AD88C3F00DD7822 /* STLAWatch.h */,
				B8B0C4641A7C448100EDE404 /* STLAWordManager.h */,
				B8B0C4651A7C448100EDE404 /* STLAWordManager.m */,
				B81DA2B318F8C61800C49C21 /* Supporting Files */,
			);
			path = Stela;
			sourceTree = "<group>";
		};
		B81DA2B318F8C61800C49C21 /* Supporting Files */ = {
			isa = PBXGroup;
			children = (
				B85321231A3A268A00F3BF6D /* iTunesArtwork.png */,
				B81DA2B418F8C61800C49C21 /* Stela-Info.plist */,
				B81DA2B518F8C61800C49C21 /* InfoPlist.strings */,
				B81DA2B818F8C61800C49C21 /* main.m */,
				B81DA2BA18F8C61800C49C21 /* Stela-Prefix.pch */,
			);
			name = "Supporting Files";
			sourceTree = "<group>";
		};
		B81DA2D418F8C61800C49C21 /* StelaTests */ = {
			isa = PBXGroup;
			children = (
				B81DA2DA18F8C61800C49C21 /* StelaTests.m */,
				B81DA2D518F8C61800C49C21 /* Supporting Files */,
			);
			path = StelaTests;
			sourceTree = "<group>";
		};
		B81DA2D518F8C61800C49C21 /* Supporting Files */ = {
			isa = PBXGroup;
			children = (
				B81DA2D618F8C61800C49C21 /* StelaTests-Info.plist */,
				B81DA2D718F8C61800C49C21 /* InfoPlist.strings */,
			);
			name = "Supporting Files";
			sourceTree = "<group>";
		};
/* End PBXGroup section */

/* Begin PBXNativeTarget section */
		B81DA2A818F8C61800C49C21 /* Stela */ = {
			isa = PBXNativeTarget;
			buildConfigurationList = B81DA2DE18F8C61800C49C21 /* Build configuration list for PBXNativeTarget "Stela" */;
			buildPhases = (
				8EA34A6772DE4F90BE5CBC8C /* Check Pods Manifest.lock */,
				B81DA2A518F8C61800C49C21 /* Sources */,
				B81DA2A618F8C61800C49C21 /* Frameworks */,
				B81DA2A718F8C61800C49C21 /* Resources */,
				B89600E618F9852900E0CAE4 /* ShellScript */,
				87BB7003EF8741A9A52FC53F /* Copy Pods Resources */,
				B8D921E61ACF583C00138350 /* Embed App Extensions */,
			);
			buildRules = (
			);
			dependencies = (
			);
			name = Stela;
			productName = Stela;
			productReference = B81DA2A918F8C61800C49C21 /* Stela.app */;
			productType = "com.apple.product-type.application";
		};
		B81DA2CC18F8C61800C49C21 /* StelaTests */ = {
			isa = PBXNativeTarget;
			buildConfigurationList = B81DA2E118F8C61800C49C21 /* Build configuration list for PBXNativeTarget "StelaTests" */;
			buildPhases = (
				B81DA2C918F8C61800C49C21 /* Sources */,
				B81DA2CA18F8C61800C49C21 /* Frameworks */,
				B81DA2CB18F8C61800C49C21 /* Resources */,
			);
			buildRules = (
			);
			dependencies = (
				B81DA2D318F8C61800C49C21 /* PBXTargetDependency */,
			);
			name = StelaTests;
			productName = StelaTests;
			productReference = B81DA2CD18F8C61800C49C21 /* StelaTests.xctest */;
			productType = "com.apple.product-type.bundle.unit-test";
		};
/* End PBXNativeTarget section */

/* Begin PBXProject section */
		B81DA2A118F8C61800C49C21 /* Project object */ = {
			isa = PBXProject;
			attributes = {
				LastUpgradeCheck = 0510;
				ORGANIZATIONNAME = "Justin Loew";
				TargetAttributes = {
					B81DA2A818F8C61800C49C21 = {
						DevelopmentTeam = VM5XXWMN9Y;
						SystemCapabilities = {
							com.apple.ApplicationGroups.iOS = {
								enabled = 0;
							};
							com.apple.BackgroundModes = {
								enabled = 1;
							};
							com.apple.WAC = {
								enabled = 0;
							};
						};
					};
					B81DA2CC18F8C61800C49C21 = {
						TestTargetID = B81DA2A818F8C61800C49C21;
					};
				};
			};
			buildConfigurationList = B81DA2A418F8C61800C49C21 /* Build configuration list for PBXProject "Stela" */;
			compatibilityVersion = "Xcode 3.2";
			developmentRegion = English;
			hasScannedForEncodings = 0;
			knownRegions = (
				en,
				Base,
			);
			mainGroup = B81DA2A018F8C61800C49C21;
			productRefGroup = B81DA2AA18F8C61800C49C21 /* Products */;
			projectDirPath = "";
			projectRoot = "";
			targets = (
				B81DA2A818F8C61800C49C21 /* Stela */,
				B81DA2CC18F8C61800C49C21 /* StelaTests */,
			);
		};
/* End PBXProject section */

/* Begin PBXResourcesBuildPhase section */
		B81DA2A718F8C61800C49C21 /* Resources */ = {
			isa = PBXResourcesBuildPhase;
			buildActionMask = 2147483647;
			files = (
				B81DA2C818F8C61800C49C21 /* Images.xcassets in Resources */,
				B81DA2C018F8C61800C49C21 /* Main_iPhone.storyboard in Resources */,
				B85321241A3A268A00F3BF6D /* iTunesArtwork.png in Resources */,
				B81DA2B718F8C61800C49C21 /* InfoPlist.strings in Resources */,
			);
			runOnlyForDeploymentPostprocessing = 0;
		};
		B81DA2CB18F8C61800C49C21 /* Resources */ = {
			isa = PBXResourcesBuildPhase;
			buildActionMask = 2147483647;
			files = (
				B81DA2D918F8C61800C49C21 /* InfoPlist.strings in Resources */,
			);
			runOnlyForDeploymentPostprocessing = 0;
		};
/* End PBXResourcesBuildPhase section */

/* Begin PBXShellScriptBuildPhase section */
		87BB7003EF8741A9A52FC53F /* Copy Pods Resources */ = {
			isa = PBXShellScriptBuildPhase;
			buildActionMask = 2147483647;
			files = (
			);
			inputPaths = (
			);
			name = "Copy Pods Resources";
			outputPaths = (
			);
			runOnlyForDeploymentPostprocessing = 0;
			shellPath = /bin/sh;
			shellScript = "\"${SRCROOT}/Pods/Target Support Files/Pods/Pods-resources.sh\"\n";
			showEnvVarsInLog = 0;
		};
		8EA34A6772DE4F90BE5CBC8C /* Check Pods Manifest.lock */ = {
			isa = PBXShellScriptBuildPhase;
			buildActionMask = 2147483647;
			files = (
			);
			inputPaths = (
			);
			name = "Check Pods Manifest.lock";
			outputPaths = (
			);
			runOnlyForDeploymentPostprocessing = 0;
			shellPath = /bin/sh;
			shellScript = "diff \"${PODS_ROOT}/../Podfile.lock\" \"${PODS_ROOT}/Manifest.lock\" > /dev/null\nif [[ $? != 0 ]] ; then\n    cat << EOM\nerror: The sandbox is not in sync with the Podfile.lock. Run 'pod install' or update your CocoaPods installation.\nEOM\n    exit 1\nfi\n";
			showEnvVarsInLog = 0;
		};
		B89600E618F9852900E0CAE4 /* ShellScript */ = {
			isa = PBXShellScriptBuildPhase;
			buildActionMask = 2147483647;
			files = (
			);
			inputPaths = (
			);
			outputPaths = (
			);
			runOnlyForDeploymentPostprocessing = 0;
			shellPath = /bin/sh;
			shellScript = "KEYWORDS=\"TODO|FIXME|\\?\\?\\?:|\\!\\!\\!:\"\nfind \"${SRCROOT}\" \\( -name \"*.h\" -or -name \"*.m\" -or -name \"*.c\" -or -name \"*.mm\" \\) -print0 | xargs -0 egrep --with-filename --line-number --only-matching \"($KEYWORDS).*\\$\" | perl -p -e \"s/($KEYWORDS)/ warning: \\$1/\"";
		};
/* End PBXShellScriptBuildPhase section */

/* Begin PBXSourcesBuildPhase section */
		B81DA2A518F8C61800C49C21 /* Sources */ = {
			isa = PBXSourcesBuildPhase;
			buildActionMask = 2147483647;
			files = (
				B81DA2BD18F8C61800C49C21 /* AppDelegate.m in Sources */,
				B8B0C4681A7C945800EDE404 /* STLAConstants.m in Sources */,
				B8B0C4631A7C316700EDE404 /* STLAMessenger.m in Sources */,
				B86E1B2C18F8C84800FAD644 /* STLABrowserVC.m in Sources */,
				B81DA2B918F8C61800C49C21 /* main.m in Sources */,
				B8B0C4661A7C448100EDE404 /* STLAWordManager.m in Sources */,
			);
			runOnlyForDeploymentPostprocessing = 0;
		};
		B81DA2C918F8C61800C49C21 /* Sources */ = {
			isa = PBXSourcesBuildPhase;
			buildActionMask = 2147483647;
			files = (
				B81DA2DB18F8C61800C49C21 /* StelaTests.m in Sources */,
			);
			runOnlyForDeploymentPostprocessing = 0;
		};
/* End PBXSourcesBuildPhase section */

/* Begin PBXTargetDependency section */
		B81DA2D318F8C61800C49C21 /* PBXTargetDependency */ = {
			isa = PBXTargetDependency;
			target = B81DA2A818F8C61800C49C21 /* Stela */;
			targetProxy = B81DA2D218F8C61800C49C21 /* PBXContainerItemProxy */;
		};
/* End PBXTargetDependency section */

/* Begin PBXVariantGroup section */
		B81DA2B518F8C61800C49C21 /* InfoPlist.strings */ = {
			isa = PBXVariantGroup;
			children = (
				B81DA2B618F8C61800C49C21 /* en */,
			);
			name = InfoPlist.strings;
			sourceTree = "<group>";
		};
		B81DA2BE18F8C61800C49C21 /* Main_iPhone.storyboard */ = {
			isa = PBXVariantGroup;
			children = (
				B81DA2BF18F8C61800C49C21 /* Base */,
			);
			name = Main_iPhone.storyboard;
			sourceTree = "<group>";
		};
		B81DA2D718F8C61800C49C21 /* InfoPlist.strings */ = {
			isa = PBXVariantGroup;
			children = (
				B81DA2D818F8C61800C49C21 /* en */,
			);
			name = InfoPlist.strings;
			sourceTree = "<group>";
		};
/* End PBXVariantGroup section */

/* Begin XCBuildConfiguration section */
		B81DA2DC18F8C61800C49C21 /* Debug */ = {
			isa = XCBuildConfiguration;
			buildSettings = {
				ALWAYS_SEARCH_USER_PATHS = NO;
				CLANG_CXX_LANGUAGE_STANDARD = "gnu++0x";
				CLANG_CXX_LIBRARY = "libc++";
				CLANG_ENABLE_MODULES = YES;
				CLANG_ENABLE_OBJC_ARC = YES;
				CLANG_WARN_BOOL_CONVERSION = YES;
				CLANG_WARN_CONSTANT_CONVERSION = YES;
				CLANG_WARN_DIRECT_OBJC_ISA_USAGE = YES_ERROR;
				CLANG_WARN_EMPTY_BODY = YES;
				CLANG_WARN_ENUM_CONVERSION = YES;
				CLANG_WARN_INT_CONVERSION = YES;
				CLANG_WARN_OBJC_ROOT_CLASS = YES_ERROR;
				CLANG_WARN__DUPLICATE_METHOD_MATCH = YES;
				"CODE_SIGN_IDENTITY[sdk=iphoneos*]" = "iPhone Developer";
				COPY_PHASE_STRIP = NO;
				GCC_C_LANGUAGE_STANDARD = gnu99;
				GCC_DYNAMIC_NO_PIC = NO;
				GCC_OPTIMIZATION_LEVEL = 0;
				GCC_PREPROCESSOR_DEFINITIONS = (
					"DEBUG=1",
					"$(inherited)",
				);
				GCC_SYMBOLS_PRIVATE_EXTERN = NO;
				GCC_WARN_64_TO_32_BIT_CONVERSION = YES;
				GCC_WARN_ABOUT_RETURN_TYPE = YES_ERROR;
				GCC_WARN_UNDECLARED_SELECTOR = YES;
				GCC_WARN_UNINITIALIZED_AUTOS = YES_AGGRESSIVE;
				GCC_WARN_UNUSED_FUNCTION = YES;
				GCC_WARN_UNUSED_VARIABLE = YES;
				IPHONEOS_DEPLOYMENT_TARGET = 8.0;
				ONLY_ACTIVE_ARCH = YES;
				SDKROOT = iphoneos;
				TARGETED_DEVICE_FAMILY = "1,2";
			};
			name = Debug;
		};
		B81DA2DD18F8C61800C49C21 /* Release */ = {
			isa = XCBuildConfiguration;
			buildSettings = {
				ALWAYS_SEARCH_USER_PATHS = NO;
				CLANG_CXX_LANGUAGE_STANDARD = "gnu++0x";
				CLANG_CXX_LIBRARY = "libc++";
				CLANG_ENABLE_MODULES = YES;
				CLANG_ENABLE_OBJC_ARC = YES;
				CLANG_WARN_BOOL_CONVERSION = YES;
				CLANG_WARN_CONSTANT_CONVERSION = YES;
				CLANG_WARN_DIRECT_OBJC_ISA_USAGE = YES_ERROR;
				CLANG_WARN_EMPTY_BODY = YES;
				CLANG_WARN_ENUM_CONVERSION = YES;
				CLANG_WARN_INT_CONVERSION = YES;
				CLANG_WARN_OBJC_ROOT_CLASS = YES_ERROR;
				CLANG_WARN__DUPLICATE_METHOD_MATCH = YES;
				"CODE_SIGN_IDENTITY[sdk=iphoneos*]" = "iPhone Developer";
				COPY_PHASE_STRIP = YES;
				ENABLE_NS_ASSERTIONS = NO;
				GCC_C_LANGUAGE_STANDARD = gnu99;
				GCC_WARN_64_TO_32_BIT_CONVERSION = YES;
				GCC_WARN_ABOUT_RETURN_TYPE = YES_ERROR;
				GCC_WARN_UNDECLARED_SELECTOR = YES;
				GCC_WARN_UNINITIALIZED_AUTOS = YES_AGGRESSIVE;
				GCC_WARN_UNUSED_FUNCTION = YES;
				GCC_WARN_UNUSED_VARIABLE = YES;
				IPHONEOS_DEPLOYMENT_TARGET = 8.0;
				SDKROOT = iphoneos;
				TARGETED_DEVICE_FAMILY = "1,2";
				VALIDATE_PRODUCT = YES;
			};
			name = Release;
		};
		B81DA2DF18F8C61800C49C21 /* Debug */ = {
			isa = XCBuildConfiguration;
			baseConfigurationReference = 0738A26375D9E98DBE30CA57 /* Pods.debug.xcconfig */;
			buildSettings = {
				ASSETCATALOG_COMPILER_APPICON_NAME = AppIcon;
				ASSETCATALOG_COMPILER_LAUNCHIMAGE_NAME = LaunchImage;
				CLANG_WARN_DOCUMENTATION_COMMENTS = NO;
				CODE_SIGN_ENTITLEMENTS = "";
				CODE_SIGN_IDENTITY = "iPhone Developer";
				"CODE_SIGN_IDENTITY[sdk=iphoneos*]" = "iPhone Developer";
				CURRENT_PROJECT_VERSION = 64;
				EMBEDDED_CONTENT_CONTAINS_SWIFT = YES;
				FRAMEWORK_SEARCH_PATHS = (
					"$(inherited)",
					"$(PROJECT_DIR)",
				);
				GCC_PRECOMPILE_PREFIX_HEADER = YES;
				GCC_PREFIX_HEADER = "Stela/Stela-Prefix.pch";
				INFOPLIST_FILE = "Stela/Stela-Info.plist";
				IPHONEOS_DEPLOYMENT_TARGET = 8.0;
				OTHER_LDFLAGS = (
					"-ObjC",
					"$(inherited)",
				);
				PRODUCT_NAME = "$(TARGET_NAME)";
				PROVISIONING_PROFILE = "";
				TARGETED_DEVICE_FAMILY = 1;
				VERSIONING_SYSTEM = "apple-generic";
				WRAPPER_EXTENSION = app;
			};
			name = Debug;
		};
		B81DA2E018F8C61800C49C21 /* Release */ = {
			isa = XCBuildConfiguration;
			baseConfigurationReference = 1D34E64D4E5060C399D63C06 /* Pods.release.xcconfig */;
			buildSettings = {
				ASSETCATALOG_COMPILER_APPICON_NAME = AppIcon;
				ASSETCATALOG_COMPILER_LAUNCHIMAGE_NAME = LaunchImage;
				CLANG_WARN_DOCUMENTATION_COMMENTS = NO;
				CODE_SIGN_ENTITLEMENTS = "";
				CODE_SIGN_IDENTITY = "iPhone Developer";
				"CODE_SIGN_IDENTITY[sdk=iphoneos*]" = "iPhone Developer";
				CURRENT_PROJECT_VERSION = 64;
				EMBEDDED_CONTENT_CONTAINS_SWIFT = YES;
				FRAMEWORK_SEARCH_PATHS = (
					"$(inherited)",
					"$(PROJECT_DIR)",
				);
				GCC_PRECOMPILE_PREFIX_HEADER = YES;
				GCC_PREFIX_HEADER = "Stela/Stela-Prefix.pch";
				INFOPLIST_FILE = "Stela/Stela-Info.plist";
				IPHONEOS_DEPLOYMENT_TARGET = 8.0;
				OTHER_LDFLAGS = (
					"-ObjC",
					"$(inherited)",
				);
				PRODUCT_NAME = "$(TARGET_NAME)";
				PROVISIONING_PROFILE = "";
				TARGETED_DEVICE_FAMILY = 1;
				VERSIONING_SYSTEM = "apple-generic";
				WRAPPER_EXTENSION = app;
			};
			name = Release;
		};
		B81DA2E218F8C61800C49C21 /* Debug */ = {
			isa = XCBuildConfiguration;
			buildSettings = {
				BUNDLE_LOADER = "$(BUILT_PRODUCTS_DIR)/Stela.app/Stela";
				FRAMEWORK_SEARCH_PATHS = (
					"$(SDKROOT)/Developer/Library/Frameworks",
					"$(inherited)",
					"$(DEVELOPER_FRAMEWORKS_DIR)",
				);
				GCC_PRECOMPILE_PREFIX_HEADER = YES;
				GCC_PREFIX_HEADER = "Stela/Stela-Prefix.pch";
				GCC_PREPROCESSOR_DEFINITIONS = (
					"DEBUG=1",
					"$(inherited)",
				);
				INFOPLIST_FILE = "StelaTests/StelaTests-Info.plist";
				PRODUCT_NAME = "$(TARGET_NAME)";
				TEST_HOST = "$(BUNDLE_LOADER)";
				WRAPPER_EXTENSION = xctest;
			};
			name = Debug;
		};
		B81DA2E318F8C61800C49C21 /* Release */ = {
			isa = XCBuildConfiguration;
			buildSettings = {
				BUNDLE_LOADER = "$(BUILT_PRODUCTS_DIR)/Stela.app/Stela";
				FRAMEWORK_SEARCH_PATHS = (
					"$(SDKROOT)/Developer/Library/Frameworks",
					"$(inherited)",
					"$(DEVELOPER_FRAMEWORKS_DIR)",
				);
				GCC_PRECOMPILE_PREFIX_HEADER = YES;
				GCC_PREFIX_HEADER = "Stela/Stela-Prefix.pch";
				INFOPLIST_FILE = "StelaTests/StelaTests-Info.plist";
				PRODUCT_NAME = "$(TARGET_NAME)";
				TEST_HOST = "$(BUNDLE_LOADER)";
				WRAPPER_EXTENSION = xctest;
			};
			name = Release;
		};
/* End XCBuildConfiguration section */

/* Begin XCConfigurationList section */
		B81DA2A418F8C61800C49C21 /* Build configuration list for PBXProject "Stela" */ = {
			isa = XCConfigurationList;
			buildConfigurations = (
				B81DA2DC18F8C61800C49C21 /* Debug */,
				B81DA2DD18F8C61800C49C21 /* Release */,
			);
			defaultConfigurationIsVisible = 0;
			defaultConfigurationName = Release;
		};
		B81DA2DE18F8C61800C49C21 /* Build configuration list for PBXNativeTarget "Stela" */ = {
			isa = XCConfigurationList;
			buildConfigurations = (
				B81DA2DF18F8C61800C49C21 /* Debug */,
				B81DA2E018F8C61800C49C21 /* Release */,
			);
			defaultConfigurationIsVisible = 0;
			defaultConfigurationName = Release;
		};
		B81DA2E118F8C61800C49C21 /* Build configuration list for PBXNativeTarget "StelaTests" */ = {
			isa = XCConfigurationList;
			buildConfigurations = (
				B81DA2E218F8C61800C49C21 /* Debug */,
				B81DA2E318F8C61800C49C21 /* Release */,
			);
			defaultConfigurationIsVisible = 0;
			defaultConfigurationName = Release;
		};
/* End XCConfigurationList section */
	};
	rootObject = B81DA2A118F8C61800C49C21 /* Project object */;
}
